
Microsoft Visual Studio Solution File, Format Version 12.00
# Visual Studio Version 17
VisualStudioVersion = 17.14.36915.13 d17.14
MinimumVisualStudioVersion = 10.0.40219.1
Project("{8BC9CEB8-8B4A-11D0-8D11-00A0C91BC942}") = "CardGame", "CardGame.vcxproj", "{50437F3C-9A14-4992-80F8-D894C28F9AF8}"
EndProject
Global
	GlobalSection(SolutionConfigurationPlatforms) = preSolution
		Debug|x64 = Debug|x64
		Debug|x86 = Debug|x86
		Release|x64 = Release|x64
		Release|x86 = Release|x86
	EndGlobalSection
	GlobalSection(ProjectConfigurationPlatforms) = postSolution
		{50437F3C-9A14-4992-80F8-D894C28F9AF8}.Debug|x64.ActiveCfg = Debug|x64
		{50437F3C-9A14-4992-80F8-D894C28F9AF8}.Debug|x64.Build.0 = Debug|x64
		{50437F3C-9A14-4992-80F8-D894C28F9AF8}.Debug|x86.ActiveCfg = Debug|Win32
		{50437F3C-9A14-4992-80F8-D894C28F9AF8}.Debug|x86.Build.0 = Debug|Win32
		{50437F3C-9A14-4992-80F8-D894C28F9AF8}.Release|x64.ActiveCfg = Release|x64
		{50437F3C-9A14-4992-80F8-D894C28F9AF8}.Release|x64.Build.0 = Release|x64
		{50437F3C-9A14-4992-80F8-D894C28F9AF8}.Release|x86.ActiveCfg = Release|Win32
		{50437F3C-9A14-4992-80F8-D894C28F9AF8}.Release|x86.Build.0 = Release|Win32
	EndGlobalSection
	GlobalSection(SolutionProperties) = preSolution
		HideSolutionNode = FALSE
	EndGlobalSection
	GlobalSection(ExtensibilityGlobals) = postSolution
		SolutionGuid = {4015F6E0-0B43-4D9D-B855-4944B52F4BC4}
	EndGlobalSection
EndGlobal
